# This file is automatically @generated by Poetry 1.8.2 and should not be changed by hand.

[[package]]
name = "astroid"
version = "3.1.0"
description = "An abstract syntax tree for Python with inference support."
optional = false
python-versions = ">=3.8.0"
files = [
    {file = "astroid-3.1.0-py3-none-any.whl", hash = "sha256:951798f922990137ac090c53af473db7ab4e70c770e6d7fae0cec59f74411819"},
    {file = "astroid-3.1.0.tar.gz", hash = "sha256:ac248253bfa4bd924a0de213707e7ebeeb3138abeb48d798784ead1e56d419d4"},
]

[[package]]
name = "colorama"
version = "0.4.6"
description = "Cross-platform colored terminal text."
optional = false
python-versions = "!=3.0.*,!=3.1.*,!=3.2.*,!=3.3.*,!=3.4.*,!=3.5.*,!=3.6.*,>=2.7"
files = [
    {file = "colorama-0.4.6-py2.py3-none-any.whl", hash = "sha256:4f1d9991f5acc0ca119f9d443620b77f9d6b33703e51011c16baf57afb285fc6"},
    {file = "colorama-0.4.6.tar.gz", hash = "sha256:08695f5cb7ed6e0531a20572697297273c47b8cae5a63ffc6d6ed5c201be6e44"},
]

[[package]]
name = "dill"
version = "0.3.8"
description = "serialize all of Python"
optional = false
python-versions = ">=3.8"
files = [
    {file = "dill-0.3.8-py3-none-any.whl", hash = "sha256:c36ca9ffb54365bdd2f8eb3eff7d2a21237f8452b57ace88b1ac615b7e815bd7"},
    {file = "dill-0.3.8.tar.gz", hash = "sha256:3ebe3c479ad625c4553aca177444d89b486b1d84982eeacded644afc0cf797ca"},
]

[package.extras]
graph = ["objgraph (>=1.7.2)"]
profile = ["gprof2dot (>=2022.7.29)"]

[[package]]
name = "et-xmlfile"
version = "1.1.0"
description = "An implementation of lxml.xmlfile for the standard library"
optional = false
python-versions = ">=3.6"
files = [
    {file = "et_xmlfile-1.1.0-py3-none-any.whl", hash = "sha256:a2ba85d1d6a74ef63837eed693bcb89c3f752169b0e3e7ae5b16ca5e1b3deada"},
    {file = "et_xmlfile-1.1.0.tar.gz", hash = "sha256:8eb9e2bc2f8c97e37a2dc85a09ecdcdec9d8a396530a6d5a33b30b9a92da0c5c"},
]

[[package]]
name = "isort"
version = "5.13.2"
description = "A Python utility / library to sort Python imports."
optional = false
python-versions = ">=3.8.0"
files = [
    {file = "isort-5.13.2-py3-none-any.whl", hash = "sha256:8ca5e72a8d85860d5a3fa69b8745237f2939afe12dbf656afbcb47fe72d947a6"},
    {file = "isort-5.13.2.tar.gz", hash = "sha256:48fdfcb9face5d58a4f6dde2e72a1fb8dcaf8ab26f95ab49fab84c2ddefb0109"},
]

[package.extras]
colors = ["colorama (>=0.4.6)"]

[[package]]
name = "mccabe"
version = "0.7.0"
description = "McCabe checker, plugin for flake8"
optional = false
python-versions = ">=3.6"
files = [
    {file = "mccabe-0.7.0-py2.py3-none-any.whl", hash = "sha256:6c2d30ab6be0e4a46919781807b4f0d834ebdd6c6e3dca0bda5a15f863427b6e"},
    {file = "mccabe-0.7.0.tar.gz", hash = "sha256:348e0240c33b60bbdf4e523192ef919f28cb2c3d7d5c7794f74009290f236325"},
]

[[package]]
name = "openpyxl"
version = "3.1.2"
description = "A Python library to read/write Excel 2010 xlsx/xlsm files"
optional = false
python-versions = ">=3.6"
files = [
    {file = "openpyxl-3.1.2-py2.py3-none-any.whl", hash = "sha256:f91456ead12ab3c6c2e9491cf33ba6d08357d802192379bb482f1033ade496f5"},
    {file = "openpyxl-3.1.2.tar.gz", hash = "sha256:a6f5977418eff3b2d5500d54d9db50c8277a368436f4e4f8ddb1be3422870184"},
]

[package.dependencies]
et-xmlfile = "*"

[[package]]
name = "platformdirs"
version = "4.2.0"
description = "A small Python package for determining appropriate platform-specific dirs, e.g. a \"user data dir\"."
optional = false
python-versions = ">=3.8"
files = [
    {file = "platformdirs-4.2.0-py3-none-any.whl", hash = "sha256:0614df2a2f37e1a662acbd8e2b25b92ccf8632929bc6d43467e17fe89c75e068"},
    {file = "platformdirs-4.2.0.tar.gz", hash = "sha256:ef0cc731df711022c174543cb70a9b5bd22e5a9337c8624ef2c2ceb8ddad8768"},
]

[package.extras]
docs = ["furo (>=2023.9.10)", "proselint (>=0.13)", "sphinx (>=7.2.6)", "sphinx-autodoc-typehints (>=1.25.2)"]
test = ["appdirs (==1.4.4)", "covdefaults (>=2.3)", "pytest (>=7.4.3)", "pytest-cov (>=4.1)", "pytest-mock (>=3.12)"]

[[package]]
name = "pylint"
version = "3.1.0"
description = "python code static checker"
optional = false
python-versions = ">=3.8.0"
files = [
    {file = "pylint-3.1.0-py3-none-any.whl", hash = "sha256:507a5b60953874766d8a366e8e8c7af63e058b26345cfcb5f91f89d987fd6b74"},
    {file = "pylint-3.1.0.tar.gz", hash = "sha256:6a69beb4a6f63debebaab0a3477ecd0f559aa726af4954fc948c51f7a2549e23"},
]

[package.dependencies]
astroid = ">=3.1.0,<=3.2.0-dev0"
colorama = {version = ">=0.4.5", markers = "sys_platform == \"win32\""}
dill = {version = ">=0.3.7", markers = "python_version >= \"3.12\""}
isort = ">=4.2.5,<5.13.0 || >5.13.0,<6"
mccabe = ">=0.6,<0.8"
platformdirs = ">=2.2.0"
tomlkit = ">=0.10.1"

[package.extras]
spelling = ["pyenchant (>=3.2,<4.0)"]
testutils = ["gitpython (>3)"]

[[package]]
name = "pymupdf"
version = "1.24.1"
description = "A high performance Python library for data extraction, analysis, conversion & manipulation of PDF (and other) documents."
optional = false
python-versions = ">=3.8"
files = [
    {file = "PyMuPDF-1.24.1-cp310-none-macosx_10_9_x86_64.whl", hash = "sha256:6427aee313e24447f57edbfc7a28aa6bbca007fe0ad77603f54a371c6c510eeb"},
    {file = "PyMuPDF-1.24.1-cp310-none-macosx_11_0_arm64.whl", hash = "sha256:12078c0bee337de969dbd6d89ef446312794d74db365cb9ac14902b863b35414"},
    {file = "PyMuPDF-1.24.1-cp310-none-manylinux2014_aarch64.whl", hash = "sha256:73f86eefd7f3878f112fa10791aa2e63934cf59a4c024dd54cd6fe94443c352c"},
    {file = "PyMuPDF-1.24.1-cp310-none-manylinux2014_x86_64.whl", hash = "sha256:caf6ceb1dbebe9f70bf7dd683cc91b896604a7c62873e5b50089f9e85e85c517"},
    {file = "PyMuPDF-1.24.1-cp310-none-win32.whl", hash = "sha256:468a8bb2b95828e0f6739fbfe509700cc0dac600f756d8cb6316316e1eba9689"},
    {file = "PyMuPDF-1.24.1-cp310-none-win_amd64.whl", hash = "sha256:e47504391908e2d721c743aed36196310a5e15355a85459c1c4ddcf8f2002fbe"},
    {file = "PyMuPDF-1.24.1-cp311-none-macosx_10_9_x86_64.whl", hash = "sha256:c54ff927257b432ffd39dc6a0a46bd1120e85d192100efca021f27d4b881cfd6"},
    {file = "PyMuPDF-1.24.1-cp311-none-macosx_11_0_arm64.whl", hash = "sha256:6d412da9f9a73f66973eea4284776f292135906700a06c39122e862a1e3ccf58"},
    {file = "PyMuPDF-1.24.1-cp311-none-manylinux2014_aarch64.whl", hash = "sha256:95a54611abb7322f5b10b44cbf19b605ed172df2c4c7995ad78854bc8423dd9c"},
    {file = "PyMuPDF-1.24.1-cp311-none-manylinux2014_x86_64.whl", hash = "sha256:9a3b21c8fc274ff42855ca2da65961e2319b05b75ef9e2caf25c04f9083ec79c"},
    {file = "PyMuPDF-1.24.1-cp311-none-win32.whl", hash = "sha256:8a81106a8bc229823736487d2492fd3af724a94521a1cd9b67849dd04b9c31ed"},
    {file = "PyMuPDF-1.24.1-cp311-none-win_amd64.whl", hash = "sha256:de5b6c4db4a2a9f28937e79135f732827c424f7444c12767cc1081c8006f0430"},
    {file = "PyMuPDF-1.24.1-cp312-none-macosx_10_9_x86_64.whl", hash = "sha256:02a6586979df2ad958b524ba42955beaa67fd21661616a0ed04ac07db009474c"},
    {file = "PyMuPDF-1.24.1-cp312-none-macosx_11_0_arm64.whl", hash = "sha256:8eb292d16671166acdaa280e98cac4368298f32556f2de2ee690782a635df8ee"},
    {file = "PyMuPDF-1.24.1-cp312-none-manylinux2014_aarch64.whl", hash = "sha256:f7b7f2011fa522a57fb3d6a7a58bcdcf01ee59bdad536ef9eb5c3fdf1e04e6c3"},
    {file = "PyMuPDF-1.24.1-cp312-none-manylinux2014_x86_64.whl", hash = "sha256:6832f1d9332810760b587ad375eb84d64ec8d8f29395995b463cb5f30533a413"},
    {file = "PyMuPDF-1.24.1-cp312-none-win32.whl", hash = "sha256:f775bb56391629e81b5f870fc3dec0a0fb44cb34a92b4696b9207b31234711df"},
    {file = "PyMuPDF-1.24.1-cp312-none-win_amd64.whl", hash = "sha256:8489df092473d590fb14903433bd99a07dc3d2924f5a5c8ead615795f2d65a65"},
    {file = "PyMuPDF-1.24.1-cp38-none-macosx_10_9_x86_64.whl", hash = "sha256:ee9cfac470aeb6b5b7deb4f6472b7796c3132856849c635c8e56c7a371e40238"},
    {file = "PyMuPDF-1.24.1-cp38-none-macosx_11_0_arm64.whl", hash = "sha256:825c62367b01e61b4bce0cc96d45b0ec336475422cfa36de6f441b4d3389a26e"},
    {file = "PyMuPDF-1.24.1-cp38-none-manylinux2014_aarch64.whl", hash = "sha256:73d07e127936948a29a7dbd4c831e9eb45a60b495d72e604d454fd040fd08c5f"},
    {file = "PyMuPDF-1.24.1-cp38-none-manylinux2014_x86_64.whl", hash = "sha256:d2b4f8956d0ca7564604491db8b29cd7872a2b4d65f1d7e16a1bccfecf84bb56"},
    {file = "PyMuPDF-1.24.1-cp38-none-win32.whl", hash = "sha256:7df966954ff0edbcd5d743c5f6fb68b3203e67534747e8753691b8ffedeaa518"},
    {file = "PyMuPDF-1.24.1-cp38-none-win_amd64.whl", hash = "sha256:6952d47f0f05cf9338470dda078e4533ddb876368b199ebfa2f9e6076311898b"},
    {file = "PyMuPDF-1.24.1-cp39-none-macosx_10_9_x86_64.whl", hash = "sha256:e3f7a101a14d742c93b660b7586ab4c1491caea9062a5de9c308578a7a4f8b69"},
    {file = "PyMuPDF-1.24.1-cp39-none-macosx_11_0_arm64.whl", hash = "sha256:dbc5d67dfd07123293993eb93bee35d329fce0bc8134b9cd5514ef75c68ffee8"},
    {file = "PyMuPDF-1.24.1-cp39-none-manylinux2014_aarch64.whl", hash = "sha256:0edda1024ada67603e5888f31656048d3fd53167c8b0d56f435b986eb507df8f"},
    {file = "PyMuPDF-1.24.1-cp39-none-manylinux2014_x86_64.whl", hash = "sha256:38728bb6aab9e3879aa8ac4d337be8fe838d33973f43e3b7805b86265c24f349"},
    {file = "PyMuPDF-1.24.1-cp39-none-win32.whl", hash = "sha256:b8a5247d0cec87765481c38d2b8602f0264bf7ca6b5dc3013caf64ce46ad4d5e"},
    {file = "PyMuPDF-1.24.1-cp39-none-win_amd64.whl", hash = "sha256:d1078ea265635e962693d7298bd39be64af7d1dd2c6dc663a8562e75f547f948"},
    {file = "PyMuPDF-1.24.1.tar.gz", hash = "sha256:38e6101dab2ff86c4e2444fcec8a04377ae1d6db1bef0f7a1ddab3ac6abe4d41"},
]

[package.dependencies]
PyMuPDFb = "1.24.1"

[[package]]
name = "pymupdfb"
version = "1.24.1"
description = "MuPDF shared libraries for PyMuPDF."
optional = false
python-versions = ">=3.8"
files = [
    {file = "PyMuPDFb-1.24.1-py3-none-macosx_10_9_x86_64.whl", hash = "sha256:37179e363bf69ce9be637937c5469957b96968341dabe3ce8f4b690a82e9ad92"},
    {file = "PyMuPDFb-1.24.1-py3-none-macosx_11_0_arm64.whl", hash = "sha256:17444ea7d6897c27759880ad76af537d19779f901de82ae9548598a70f614558"},
    {file = "PyMuPDFb-1.24.1-py3-none-manylinux2014_aarch64.manylinux_2_17_aarch64.whl", hash = "sha256:490f7fff4dbe362bc895cefdfc5030d712311d024d357a1388d64816eb215d34"},
    {file = "PyMuPDFb-1.24.1-py3-none-manylinux2014_x86_64.manylinux_2_17_x86_64.whl", hash = "sha256:0fbcc0d2a9ce79fa38eb4e8bb5c959b582f7a49938874e9f61d1a6f5eeb1e4b8"},
    {file = "PyMuPDFb-1.24.1-py3-none-win32.whl", hash = "sha256:ae67736058882cdd9459810a4aae9ac2b2e89ac2e916cb5fefb0f651c9739e9e"},
    {file = "PyMuPDFb-1.24.1-py3-none-win_amd64.whl", hash = "sha256:01c8b7f0ce9166310eb28c7aebcb8d5fe12a4bc082f9b00d580095eebeaf0af5"},
]

[[package]]
name = "python-dotenv"
version = "1.0.1"
description = "Read key-value pairs from a .env file and set them as environment variables"
optional = false
python-versions = ">=3.8"
files = [
    {file = "python-dotenv-1.0.1.tar.gz", hash = "sha256:e324ee90a023d808f1959c46bcbc04446a10ced277783dc6ee09987c37ec10ca"},
    {file = "python_dotenv-1.0.1-py3-none-any.whl", hash = "sha256:f7b63ef50f1b690dddf550d03497b66d609393b40b564ed0d674909a68ebf16a"},
]

[package.extras]
cli = ["click (>=5.0)"]

[[package]]
name = "tomlkit"
version = "0.12.4"
description = "Style preserving TOML library"
optional = false
python-versions = ">=3.7"
files = [
    {file = "tomlkit-0.12.4-py3-none-any.whl", hash = "sha256:5cd82d48a3dd89dee1f9d64420aa20ae65cfbd00668d6f094d7578a78efbb77b"},
    {file = "tomlkit-0.12.4.tar.gz", hash = "sha256:7ca1cfc12232806517a8515047ba66a19369e71edf2439d0f5824f91032b6cc3"},
]

[metadata]
lock-version = "2.0"
python-versions = "^3.12"
content-hash = "9588e3e0de44d9cc143b694a243e3dd0b0221e8a4d411c0374735513c3607d6e"
